{
    "_meta": {
        "hash": {
            "sha256": "1f340328493f77c98f9d5e844916db2b5db4f9f4e95baec4b8ec0b51fc85b37c"
        },
        "pipfile-spec": 6,
        "requires": {
            "python_version": "3.11"
        },
        "sources": [
            {
                "name": "pypi",
                "url": "https://pypi.org/simple",
                "verify_ssl": true
            }
        ]
    },
    "default": {
        "bcrypt": {
            "hashes": [
                "sha256:041fa0155c9004eb98a232d54da05c0b41d4b8e66b6fc3cb71b4b3f6144ba837",
                "sha256:04e56e3fe8308a88b77e0afd20bec516f74aecf391cdd6e374f15cbed32783d6",
                "sha256:1340411a0894b7d3ef562fb233e4b6ed58add185228650942bdc885362f32c17",
                "sha256:533e7f3bcf2f07caee7ad98124fab7499cb3333ba2274f7a36cf1daee7409d99",
                "sha256:6765386e3ab87f569b276988742039baab087b2cdb01e809d74e74503c2faafe",
                "sha256:687cf30e6681eeda39548a93ce9bfbb300e48b4d445a43db4298d2474d2a1e54",
                "sha256:76132c176a6d9953cdc83c296aeaed65e1a708485fd55abf163e0d9f8f16ce0e",
                "sha256:76d3e352b32f4eeb34703370e370997065d28a561e4a18afe4fef07249cb4396",
                "sha256:807261df60a8b1ccd13e6599c779014a362ae4e795f5c59747f60208daddd96d",
                "sha256:89df2aea2c43be1e1fa066df5f86c8ce822ab70a30e4c210968669565c0f4685",
                "sha256:8ad2f4528cbf0febe80e5a3a57d7a74e6635e41af1ea5675282a33d769fba413",
                "sha256:8c458cd103e6c5d1d85cf600e546a639f234964d0228909d8f8dbeebff82d526",
                "sha256:8dbd0747208912b1e4ce730c6725cb56c07ac734b3629b60d4398f082ea718ad",
                "sha256:909faa1027900f2252a9ca5dfebd25fc0ef1417943824783d1c8418dd7d6df4a",
                "sha256:aaa2e285be097050dba798d537b6efd9b698aa88eef52ec98d23dcd6d7cf6fea",
                "sha256:adadd36274510a01f33e6dc08f5824b97c9580583bd4487c564fc4617b328005",
                "sha256:b1ee315739bc8387aa36ff127afc99120ee452924e0df517a8f3e4c0187a0f5f",
                "sha256:b588af02b89d9fad33e5f98f7838bf590d6d692df7153647724a7f20c186f6bf",
                "sha256:b7703ede632dc945ed1172d6f24e9f30f27b1b1a067f32f68bf169c5f08d0425",
                "sha256:c6f5fa3775966cca251848d4d5393ab016b3afed251163c1436fefdec3b02c84",
                "sha256:cde78d385d5e93ece5479a0a87f73cd6fa26b171c786a884f955e165032b262c",
                "sha256:cfdf3d7530c790432046c40cda41dfee8c83e29482e6a604f8930b9930e94139",
                "sha256:e158009a54c4c8bc91d5e0da80920d048f918c61a581f0a63e4e93bb556d362f",
                "sha256:e84e0e6f8e40a242b11bce56c313edc2be121cec3e0ec2d76fce01f6af33c07c",
                "sha256:f85b1ffa09240c89aa2e1ae9f3b1c687104f7b2b9d2098da4e923f1b7082d331"
            ],
            "markers": "python_version >= '3.7'",
            "version": "==4.2.1"
        },
        "blinker": {
            "hashes": [
                "sha256:b4ce2265a7abece45e7cc896e98dbebe6cead56bcf805a3d23136d145f5445bf",
                "sha256:ba0efaa9080b619ff2f3459d1d500c57bddea4a6b424b60a91141db6fd2f08bc"
            ],
            "markers": "python_version >= '3.9'",
            "version": "==1.9.0"
        },
        "cffi": {
            "hashes": [
                "sha256:045d61c734659cc045141be4bae381a41d89b741f795af1dd018bfb532fd0df8",
                "sha256:0984a4925a435b1da406122d4d7968dd861c1385afe3b45ba82b750f229811e2",
                "sha256:0e2b1fac190ae3ebfe37b979cc1ce69c81f4e4fe5746bb401dca63a9062cdaf1",
                "sha256:0f048dcf80db46f0098ccac01132761580d28e28bc0f78ae0d58048063317e15",
                "sha256:1257bdabf294dceb59f5e70c64a3e2f462c30c7ad68092d01bbbfb1c16b1ba36",
                "sha256:1c39c6016c32bc48dd54561950ebd6836e1670f2ae46128f67cf49e789c52824",
                "sha256:1d599671f396c4723d016dbddb72fe8e0397082b0a77a4fab8028923bec050e8",
                "sha256:28b16024becceed8c6dfbc75629e27788d8a3f9030691a1dbf9821a128b22c36",
                "sha256:2bb1a08b8008b281856e5971307cc386a8e9c5b625ac297e853d36da6efe9c17",
                "sha256:30c5e0cb5ae493c04c8b42916e52ca38079f1b235c2f8ae5f4527b963c401caf",
                "sha256:31000ec67d4221a71bd3f67df918b1f88f676f1c3b535a7eb473255fdc0b83fc",
                "sha256:386c8bf53c502fff58903061338ce4f4950cbdcb23e2902d86c0f722b786bbe3",
                "sha256:3edc8d958eb099c634dace3c7e16560ae474aa3803a5df240542b305d14e14ed",
                "sha256:45398b671ac6d70e67da8e4224a065cec6a93541bb7aebe1b198a61b58c7b702",
                "sha256:46bf43160c1a35f7ec506d254e5c890f3c03648a4dbac12d624e4490a7046cd1",
                "sha256:4ceb10419a9adf4460ea14cfd6bc43d08701f0835e979bf821052f1805850fe8",
                "sha256:51392eae71afec0d0c8fb1a53b204dbb3bcabcb3c9b807eedf3e1e6ccf2de903",
                "sha256:5da5719280082ac6bd9aa7becb3938dc9f9cbd57fac7d2871717b1feb0902ab6",
                "sha256:610faea79c43e44c71e1ec53a554553fa22321b65fae24889706c0a84d4ad86d",
                "sha256:636062ea65bd0195bc012fea9321aca499c0504409f413dc88af450b57ffd03b",
                "sha256:6883e737d7d9e4899a8a695e00ec36bd4e5e4f18fabe0aca0efe0a4b44cdb13e",
                "sha256:6b8b4a92e1c65048ff98cfe1f735ef8f1ceb72e3d5f0c25fdb12087a23da22be",
                "sha256:6f17be4345073b0a7b8ea599688f692ac3ef23ce28e5df79c04de519dbc4912c",
                "sha256:706510fe141c86a69c8ddc029c7910003a17353970cff3b904ff0686a5927683",
                "sha256:72e72408cad3d5419375fc87d289076ee319835bdfa2caad331e377589aebba9",
                "sha256:733e99bc2df47476e3848417c5a4540522f234dfd4ef3ab7fafdf555b082ec0c",
                "sha256:7596d6620d3fa590f677e9ee430df2958d2d6d6de2feeae5b20e82c00b76fbf8",
                "sha256:78122be759c3f8a014ce010908ae03364d00a1f81ab5c7f4a7a5120607ea56e1",
                "sha256:805b4371bf7197c329fcb3ead37e710d1bca9da5d583f5073b799d5c5bd1eee4",
                "sha256:85a950a4ac9c359340d5963966e3e0a94a676bd6245a4b55bc43949eee26a655",
                "sha256:8f2cdc858323644ab277e9bb925ad72ae0e67f69e804f4898c070998d50b1a67",
                "sha256:9755e4345d1ec879e3849e62222a18c7174d65a6a92d5b346b1863912168b595",
                "sha256:98e3969bcff97cae1b2def8ba499ea3d6f31ddfdb7635374834cf89a1a08ecf0",
                "sha256:a08d7e755f8ed21095a310a693525137cfe756ce62d066e53f502a83dc550f65",
                "sha256:a1ed2dd2972641495a3ec98445e09766f077aee98a1c896dcb4ad0d303628e41",
                "sha256:a24ed04c8ffd54b0729c07cee15a81d964e6fee0e3d4d342a27b020d22959dc6",
                "sha256:a45e3c6913c5b87b3ff120dcdc03f6131fa0065027d0ed7ee6190736a74cd401",
                "sha256:a9b15d491f3ad5d692e11f6b71f7857e7835eb677955c00cc0aefcd0669adaf6",
                "sha256:ad9413ccdeda48c5afdae7e4fa2192157e991ff761e7ab8fdd8926f40b160cc3",
                "sha256:b2ab587605f4ba0bf81dc0cb08a41bd1c0a5906bd59243d56bad7668a6fc6c16",
                "sha256:b62ce867176a75d03a665bad002af8e6d54644fad99a3c70905c543130e39d93",
                "sha256:c03e868a0b3bc35839ba98e74211ed2b05d2119be4e8a0f224fba9384f1fe02e",
                "sha256:c59d6e989d07460165cc5ad3c61f9fd8f1b4796eacbd81cee78957842b834af4",
                "sha256:c7eac2ef9b63c79431bc4b25f1cd649d7f061a28808cbc6c47b534bd789ef964",
                "sha256:c9c3d058ebabb74db66e431095118094d06abf53284d9c81f27300d0e0d8bc7c",
                "sha256:ca74b8dbe6e8e8263c0ffd60277de77dcee6c837a3d0881d8c1ead7268c9e576",
                "sha256:caaf0640ef5f5517f49bc275eca1406b0ffa6aa184892812030f04c2abf589a0",
                "sha256:cdf5ce3acdfd1661132f2a9c19cac174758dc2352bfe37d98aa7512c6b7178b3",
                "sha256:d016c76bdd850f3c626af19b0542c9677ba156e4ee4fccfdd7848803533ef662",
                "sha256:d01b12eeeb4427d3110de311e1774046ad344f5b1a7403101878976ecd7a10f3",
                "sha256:d63afe322132c194cf832bfec0dc69a99fb9bb6bbd550f161a49e9e855cc78ff",
                "sha256:da95af8214998d77a98cc14e3a3bd00aa191526343078b530ceb0bd710fb48a5",
                "sha256:dd398dbc6773384a17fe0d3e7eeb8d1a21c2200473ee6806bb5e6a8e62bb73dd",
                "sha256:de2ea4b5833625383e464549fec1bc395c1bdeeb5f25c4a3a82b5a8c756ec22f",
                "sha256:de55b766c7aa2e2a3092c51e0483d700341182f08e67c63630d5b6f200bb28e5",
                "sha256:df8b1c11f177bc2313ec4b2d46baec87a5f3e71fc8b45dab2ee7cae86d9aba14",
                "sha256:e03eab0a8677fa80d646b5ddece1cbeaf556c313dcfac435ba11f107ba117b5d",
                "sha256:e221cf152cff04059d011ee126477f0d9588303eb57e88923578ace7baad17f9",
                "sha256:e31ae45bc2e29f6b2abd0de1cc3b9d5205aa847cafaecb8af1476a609a2f6eb7",
                "sha256:edae79245293e15384b51f88b00613ba9f7198016a5948b5dddf4917d4d26382",
                "sha256:f1e22e8c4419538cb197e4dd60acc919d7696e5ef98ee4da4e01d3f8cfa4cc5a",
                "sha256:f3a2b4222ce6b60e2e8b337bb9596923045681d71e5a082783484d845390938e",
                "sha256:f6a16c31041f09ead72d69f583767292f750d24913dadacf5756b966aacb3f1a",
                "sha256:f75c7ab1f9e4aca5414ed4d8e5c0e303a34f4421f8a0d47a4d019ceff0ab6af4",
                "sha256:f79fc4fc25f1c8698ff97788206bb3c2598949bfe0fef03d299eb1b5356ada99",
                "sha256:f7f5baafcc48261359e14bcd6d9bff6d4b28d9103847c9e136694cb0501aef87",
                "sha256:fc48c783f9c87e60831201f2cce7f3b2e4846bf4d8728eabe54d60700b318a0b"
            ],
            "markers": "python_version >= '3.8'",
            "version": "==1.17.1"
        },
        "click": {
            "hashes": [
                "sha256:ae74fb96c20a0277a1d615f1e4d73c8414f5a98db8b799a7931d1582f3390c28",
                "sha256:ca9853ad459e787e2192211578cc907e7594e294c7ccc834310722b41b9ca6de"
            ],
            "markers": "python_version >= '3.7'",
            "version": "==8.1.7"
        },
        "cryptography": {
            "hashes": [
                "sha256:1923cb251c04be85eec9fda837661c67c1049063305d6be5721643c22dd4e2b7",
                "sha256:37d76e6863da3774cd9db5b409a9ecfd2c71c981c38788d3fcfaf177f447b731",
                "sha256:3c672a53c0fb4725a29c303be906d3c1fa99c32f58abe008a82705f9ee96f40b",
                "sha256:404fdc66ee5f83a1388be54300ae978b2efd538018de18556dde92575e05defc",
                "sha256:4ac4c9f37eba52cb6fbeaf5b59c152ea976726b865bd4cf87883a7e7006cc543",
                "sha256:62901fb618f74d7d81bf408c8719e9ec14d863086efe4185afd07c352aee1d2c",
                "sha256:660cb7312a08bc38be15b696462fa7cc7cd85c3ed9c576e81f4dc4d8b2b31591",
                "sha256:708ee5f1bafe76d041b53a4f95eb28cdeb8d18da17e597d46d7833ee59b97ede",
                "sha256:761817a3377ef15ac23cd7834715081791d4ec77f9297ee694ca1ee9c2c7e5eb",
                "sha256:831c3c4d0774e488fdc83a1923b49b9957d33287de923d58ebd3cec47a0ae43f",
                "sha256:84111ad4ff3f6253820e6d3e58be2cc2a00adb29335d4cacb5ab4d4d34f2a123",
                "sha256:8b3e6eae66cf54701ee7d9c83c30ac0a1e3fa17be486033000f2a73a12ab507c",
                "sha256:9e6fc8a08e116fb7c7dd1f040074c9d7b51d74a8ea40d4df2fc7aa08b76b9e6c",
                "sha256:a01956ddfa0a6790d594f5b34fc1bfa6098aca434696a03cfdbe469b8ed79285",
                "sha256:abc998e0c0eee3c8a1904221d3f67dcfa76422b23620173e28c11d3e626c21bd",
                "sha256:b15492a11f9e1b62ba9d73c210e2416724633167de94607ec6069ef724fad092",
                "sha256:be4ce505894d15d5c5037167ffb7f0ae90b7be6f2a98f9a5c3442395501c32fa",
                "sha256:c5eb858beed7835e5ad1faba59e865109f3e52b3783b9ac21e7e47dc5554e289",
                "sha256:cd4e834f340b4293430701e772ec543b0fbe6c2dea510a5286fe0acabe153a02",
                "sha256:d2436114e46b36d00f8b72ff57e598978b37399d2786fd39793c36c6d5cb1c64",
                "sha256:eb33480f1bad5b78233b0ad3e1b0be21e8ef1da745d8d2aecbb20671658b9053",
                "sha256:eca27345e1214d1b9f9490d200f9db5a874479be914199194e746c893788d417",
                "sha256:ed3534eb1090483c96178fcb0f8893719d96d5274dfde98aa6add34614e97c8e",
                "sha256:f3f6fdfa89ee2d9d496e2c087cebef9d4fcbb0ad63c40e821b39f74bf48d9c5e",
                "sha256:f53c2c87e0fb4b0c00fa9571082a057e37690a8f12233306161c8f4b819960b7",
                "sha256:f5e7cb1e5e56ca0933b4873c0220a78b773b24d40d186b6738080b73d3d0a756",
                "sha256:f677e1268c4e23420c3acade68fac427fffcb8d19d7df95ed7ad17cdef8404f4"
            ],
            "markers": "python_version >= '3.7' and python_full_version not in '3.9.0, 3.9.1'",
            "version": "==44.0.0"
        },
        "dependency-injector": {
            "hashes": [
                "sha256:07607e2f4adce822da33e616eb6e0b867a473c87e965131d0d199cb36e2f26db",
                "sha256:09518487c759847e09db79e029b8d5435ac3e30dc72b1c646567acaae7f05b54",
                "sha256:0a24ad076f8d05ad7a38435e6df81555c65813ec239f17d52b3d8950b76b781f",
                "sha256:0c0281db34db4da36816cae168af23f053a30f6b62ee14d6d81f3cc592ec4a5f",
                "sha256:122e7a6423eaa56b17fb793278b31496a68713f3b1b23d2bc053530c85448006",
                "sha256:1239dfd0721d91348133a4516a651f13f6babb839d7c65b9a5869d3e5140d620",
                "sha256:1a5264d32b8a5b05fea177ea56685d8cb38ed3d18367ebec92ce72c932e98fb8",
                "sha256:1ae0b6f5b9994ccc75e9414e1f9a3b980b00a3cf7c878888430bd4e8c53a75de",
                "sha256:1f89eb98c5fc7a035473d435f857e1c3a68a2988f27daa2919605d984b530871",
                "sha256:21e945f9a3f7561ab63caf82a7be040de2ad2b649a89a381d63aa32767b25887",
                "sha256:264cd4e3f6b7ce9adffb5f21320e6e3d7aee05d2244d3ec1e0a57fadea8f2cc8",
                "sha256:27cef519b2f440dfaf5fbc527a643b975a65dd7eb92b0c432cda0e71c39fbddf",
                "sha256:294aa4355eed711bc94af92da14da5330c7226399f7c62e08d494c2dd4cabee6",
                "sha256:2d55f1095ea8f1f3dd4d41b2a6717c92c5dbca1346c32aec7162e8b753ea2cf2",
                "sha256:34f5dfd41765307e57a235487d946c1b043006db44089a5d75a97478759d134b",
                "sha256:4005202bc774aaeeb9ae15fd26a8d39206bf5d49815bc8e150a65c4a431f7377",
                "sha256:4afde2ed3717956bc77b4b2cd9b1b358b907d0adaa0c1258376108d68a475f59",
                "sha256:4e95ac085ef314e0d64c3f9c00f9dabd87e73c82b9e1b7e98b4309d07c416162",
                "sha256:55881c149ace924351355cebfab61576861d942ca14c8980c68a8f180feafcfe",
                "sha256:579e9dfa87d8244ee621ba44838abd5a6c16017fba3e44128f44332ebeca1d7d",
                "sha256:5e22707c97c275716a1555b971da006afd54591d97afe27915b51a3e3670d4a0",
                "sha256:5e320234b7a026ee36328d745c8302f19a92614e659c7a9c90cd298c7e05ac58",
                "sha256:5febcf01173905b194972f6e1b9022609531f6be12a487b0d7d73d6b7719bcdb",
                "sha256:64c25d8a0b08e9c1257efcde49e20aee09b1038de0845cbe22ebde65f2302dfe",
                "sha256:6616d7c469ae2ec1eb77d53a0809b06f9bfe6f358950aabf475b5ecf09fee148",
                "sha256:67f20259ea9aa85ea5a23a333ffdc3ff15961f5e194fcb5cda4524761edbc803",
                "sha256:69866b0ba5f4ad9632e797835bcda79f3e6f7aedb39f5ad957c7a5b0ffef2123",
                "sha256:6baa4655af0fc8c5e2da86bfc952f5009c99abe6304cca62e3e31b6c0a6934e3",
                "sha256:6c1fa71b537a77fc5d6a6b9f38d76b83072282e94dda80b7b7bcfe11c0433457",
                "sha256:71630d1497be700e14e7f6f3e601e3b4c22a7545f115ff74ec0b85ac587414ee",
                "sha256:71d79b80204fdada207cdf5c4df42e0b47ad129d1bf6869fe1a21681d9223739",
                "sha256:759d0008f21cf45e7e9cb24060e62195b5f5626bdbcdf82fe4d419ea8b88d1c0",
                "sha256:79648b3914edf855c76ff3fb5506f024c17d62061ec7d7333db4d6cceb69b591",
                "sha256:7bcab6ae14379dc6d358b78558551bf335e43b0feba0ed1d23888a45b3fe677f",
                "sha256:7c9cd2ff818a92ca26b74d8c8c250b17866ce236390f7e1c9986ca3d151fd8c3",
                "sha256:7f1fffcdaef29459cd0435c0dbb18a684f0a5f35621f63edbb362cb1192ddfd8",
                "sha256:802c2f82e765800eb74cabeaeafe63491e0fa5f1d092f296b5bcbaafd19edfb7",
                "sha256:85a7bec67eff4476184843ab8aa1b51a9625b030c608ac0a503302c358b8a519",
                "sha256:8770ca41c88eb6469c7e319eb42f53df5c6d07916d807b2456d20094ac89511b",
                "sha256:8997ebe2e6938e42f058f67247309e364c88af54ad32992c923ed8ad9f9bcf02",
                "sha256:8fe2b72884957d9541ce2ed539c77b181de25223000fb930bd1534f8dce8a73b",
                "sha256:933d094afd38a3676a0baacca6f31b24215991f525eea60779a3211eae78b070",
                "sha256:9373079ff697d80654414cd4b81285f33d372d439c0cf8faaa69c6dd4351da59",
                "sha256:9f1b88e4d75970775cd03271c51d19940d552812f2cfe5dbf8e9079bf71ed554",
                "sha256:a029b8e0c43ad0766981e6c1664ffd0004f896420777da0810a6a57347460224",
                "sha256:a4f7695241d11775ddd6549f2fba4b8a5a9db0ca1f181da42cf50b355f6425ba",
                "sha256:a6f67388e8f33a5b105baf0b90a291485e1b960f0220894ed6c5a451d18b3724",
                "sha256:a9c6a1e8000b36c8a564189fe3518f675e7bc882db9fe2dd96df0ec04753f1ce",
                "sha256:a9fde9c16f5517cce5f920a80da7afa82f42ce134c1114ef76855d940ad2a7e5",
                "sha256:afbbbbb081b81f5fa27d932d02fd2334e70c916ddb13de18b4080b482012d5fb",
                "sha256:b56b9fe5088b7cac8e5b7095486839b97c5a13be334fc9f6a6b9a9c4071bdad3",
                "sha256:b7408c53b7273d04155c151a089429464e163a20bdf83dd45a60c25a87b2166a",
                "sha256:c6146329f6bce1ca6734c132ab54c6b1966316ca92d36bba5733dd8102fd1ad6",
                "sha256:c67d6450aaea345d6ace9be001de79156cfe3a46c49decfa9d92f9ed50ee36f2",
                "sha256:c7e4bd8ee8768a1f29c8a51601d8874532bbcfdd720415ac07ed8f865c8622f3",
                "sha256:c813056cedf9439b45419771887ff11f290f1c044f490405cd793c94ff981a4f",
                "sha256:c9af3fa1adf67dc4b4cd0e2278b4e70fd24d23f04635769492ebf1aa314b6860",
                "sha256:cc16ca6daee23ec3944e866e83c8072484c9aa67f3ad41c942391c8cdf553201",
                "sha256:cc933a2c64a5746e05a7ee70d357a3643ab6553d393ad29c2044848d5827c8e3",
                "sha256:ce53405845286fcb44a29bb3f7dfe6122a05347e53e7a2868723f248aa0f3938",
                "sha256:cf270d1fd7a68b3b78fbba463f6cb045b14d0c399b33b4320aa96e733ab00af7",
                "sha256:d2e1e9fc20e92ca1ca07b866c0957c803bda01a0f7c48aa59302cca8ee3320fb",
                "sha256:d503f42316601c2ede290f570b10367b06c1b9ff79d421eb7fd6f311d2cae69d",
                "sha256:d6119498f66fbf1a999eb94db1a78d8de17cf7935ede7a352c373bc434220b4a",
                "sha256:d67460619ead7532328b3749a2b29e0fc81ee4c25eedc68122462b3c775d6089",
                "sha256:da51d1f76eb73744537151f06b9a9d9242de723f63b9d283dff3956a40b87cfd",
                "sha256:dc2171bd8b826c7de4dde22ecc48faf0c716f6857b98050929edfe69a90daf7c",
                "sha256:dc42ebbda143585f144c4278c44d35efb866adb7e9e8a3be88a5557837fb8213",
                "sha256:e40b366bd5578c279ea12deec45d46cb58a013c2a2daabaa421058b334067def",
                "sha256:e544dfba23eaa99f9ffeee2682592f68ec5880c7cb15f4ca2d875d34a59d597b",
                "sha256:e86dc2ee34b707ecd5727dfe3573002d25790e5e54b236c49c1a5ff8d09293d0",
                "sha256:e9b5ea8c72f43e99f0182225d482b24a4ff614d11fd7580b75d32be21cb23525",
                "sha256:ea962349cd6f178fda596a391d80506a1637962ba5ffb80f291d01091de5a727",
                "sha256:efc7aa2c3830134090806a94d942b682cd9a54cdbf3a228be1fa1a9797a57ea3",
                "sha256:efecfecb8de5c27b804038a9520543ac1379d1bea7e5ebe55416654d82a0bee5",
                "sha256:f2a6234aef47045583af49544ab39a6e4f2457c3e43db442353a489df3f52708",
                "sha256:f54423b4adaddc9208fc49ddbea9be064307cbf3d1cf32b638d4e4292136ac14",
                "sha256:f5f4ba94c2992c35a4595961757d5b195e4c15ae5783b43f54ba54ea03ea1307",
                "sha256:f9f796c224cb81007a9689316eef4be7de3adb6ac80ea1e6e3a439d1b58860b9",
                "sha256:fd144f80ff10d2abfad9a32ba5710e8901abc79fb4e3b54a158e05c34434be20",
                "sha256:fdcccc510f334ce24fbf3baa34ed059e2c69d0485f2fbf6a34fcd162f9dc53f4",
                "sha256:fef4be3ba5d2e2c670e58109a6474467d3f4808adab4c652a4ecf9dd64dcec4c"
            ],
            "index": "pypi",
            "markers": "python_version >= '3.7'",
            "version": "==4.44.0"
        },
        "f90nml": {
            "hashes": [
                "sha256:58d91eb0f9a424a48fe5df868cbb33c86800f1026d6e7f3c0f663c930dddc644",
                "sha256:65e8e135779895245238cbf6be5b1b80d6c2b8c9350c9cdce6183a31bdfd7622"
            ],
            "index": "pypi",
            "version": "==1.4.4"
        },
        "flask": {
            "hashes": [
                "sha256:5f873c5184c897c8d9d1b05df1e3d01b14910ce69607a117bd3277098a5836ac",
                "sha256:d667207822eb83f1c4b50949b1623c8fc8d51f2341d65f72e1a1815397551136"
            ],
            "index": "pypi",
            "markers": "python_version >= '3.9'",
            "version": "==3.1.0"
        },
        "itsdangerous": {
            "hashes": [
                "sha256:c6242fc49e35958c8b15141343aa660db5fc54d4f13a1db01a3f5891b98700ef",
                "sha256:e0050c0b7da1eea53ffaf149c0cfbb5c6e2e2b69c4bef22c81fa6eb73e5f6173"
            ],
            "markers": "python_version >= '3.8'",
            "version": "==2.2.0"
        },
        "jinja2": {
            "hashes": [
                "sha256:4a3aee7acbbe7303aede8e9648d13b8bf88a429282aa6122a993f0ac800cb369",
                "sha256:bc5dd2abb727a5319567b7a813e6a2e7318c39f4f487cfe6c89c6f9c7d25197d"
            ],
            "markers": "python_version >= '3.7'",
            "version": "==3.1.4"
        },
        "markupsafe": {
            "hashes": [
                "sha256:0bff5e0ae4ef2e1ae4fdf2dfd5b76c75e5c2fa4132d05fc1b0dabcd20c7e28c4",
                "sha256:0f4ca02bea9a23221c0182836703cbf8930c5e9454bacce27e767509fa286a30",
                "sha256:1225beacc926f536dc82e45f8a4d68502949dc67eea90eab715dea3a21c1b5f0",
                "sha256:131a3c7689c85f5ad20f9f6fb1b866f402c445b220c19fe4308c0b147ccd2ad9",
                "sha256:15ab75ef81add55874e7ab7055e9c397312385bd9ced94920f2802310c930396",
                "sha256:1a9d3f5f0901fdec14d8d2f66ef7d035f2157240a433441719ac9a3fba440b13",
                "sha256:1c99d261bd2d5f6b59325c92c73df481e05e57f19837bdca8413b9eac4bd8028",
                "sha256:1e084f686b92e5b83186b07e8a17fc09e38fff551f3602b249881fec658d3eca",
                "sha256:2181e67807fc2fa785d0592dc2d6206c019b9502410671cc905d132a92866557",
                "sha256:2cb8438c3cbb25e220c2ab33bb226559e7afb3baec11c4f218ffa7308603c832",
                "sha256:3169b1eefae027567d1ce6ee7cae382c57fe26e82775f460f0b2778beaad66c0",
                "sha256:3809ede931876f5b2ec92eef964286840ed3540dadf803dd570c3b7e13141a3b",
                "sha256:38a9ef736c01fccdd6600705b09dc574584b89bea478200c5fbf112a6b0d5579",
                "sha256:3d79d162e7be8f996986c064d1c7c817f6df3a77fe3d6859f6f9e7be4b8c213a",
                "sha256:444dcda765c8a838eaae23112db52f1efaf750daddb2d9ca300bcae1039adc5c",
                "sha256:48032821bbdf20f5799ff537c7ac3d1fba0ba032cfc06194faffa8cda8b560ff",
                "sha256:4aa4e5faecf353ed117801a068ebab7b7e09ffb6e1d5e412dc852e0da018126c",
                "sha256:52305740fe773d09cffb16f8ed0427942901f00adedac82ec8b67752f58a1b22",
                "sha256:569511d3b58c8791ab4c2e1285575265991e6d8f8700c7be0e88f86cb0672094",
                "sha256:57cb5a3cf367aeb1d316576250f65edec5bb3be939e9247ae594b4bcbc317dfb",
                "sha256:5b02fb34468b6aaa40dfc198d813a641e3a63b98c2b05a16b9f80b7ec314185e",
                "sha256:6381026f158fdb7c72a168278597a5e3a5222e83ea18f543112b2662a9b699c5",
                "sha256:6af100e168aa82a50e186c82875a5893c5597a0c1ccdb0d8b40240b1f28b969a",
                "sha256:6c89876f41da747c8d3677a2b540fb32ef5715f97b66eeb0c6b66f5e3ef6f59d",
                "sha256:6e296a513ca3d94054c2c881cc913116e90fd030ad1c656b3869762b754f5f8a",
                "sha256:70a87b411535ccad5ef2f1df5136506a10775d267e197e4cf531ced10537bd6b",
                "sha256:7e94c425039cde14257288fd61dcfb01963e658efbc0ff54f5306b06054700f8",
                "sha256:846ade7b71e3536c4e56b386c2a47adf5741d2d8b94ec9dc3e92e5e1ee1e2225",
                "sha256:88416bd1e65dcea10bc7569faacb2c20ce071dd1f87539ca2ab364bf6231393c",
                "sha256:88b49a3b9ff31e19998750c38e030fc7bb937398b1f78cfa599aaef92d693144",
                "sha256:8c4e8c3ce11e1f92f6536ff07154f9d49677ebaaafc32db9db4620bc11ed480f",
                "sha256:8e06879fc22a25ca47312fbe7c8264eb0b662f6db27cb2d3bbbc74b1df4b9b87",
                "sha256:9025b4018f3a1314059769c7bf15441064b2207cb3f065e6ea1e7359cb46db9d",
                "sha256:93335ca3812df2f366e80509ae119189886b0f3c2b81325d39efdb84a1e2ae93",
                "sha256:9778bd8ab0a994ebf6f84c2b949e65736d5575320a17ae8984a77fab08db94cf",
                "sha256:9e2d922824181480953426608b81967de705c3cef4d1af983af849d7bd619158",
                "sha256:a123e330ef0853c6e822384873bef7507557d8e4a082961e1defa947aa59ba84",
                "sha256:a904af0a6162c73e3edcb969eeeb53a63ceeb5d8cf642fade7d39e7963a22ddb",
                "sha256:ad10d3ded218f1039f11a75f8091880239651b52e9bb592ca27de44eed242a48",
                "sha256:b424c77b206d63d500bcb69fa55ed8d0e6a3774056bdc4839fc9298a7edca171",
                "sha256:b5a6b3ada725cea8a5e634536b1b01c30bcdcd7f9c6fff4151548d5bf6b3a36c",
                "sha256:ba8062ed2cf21c07a9e295d5b8a2a5ce678b913b45fdf68c32d95d6c1291e0b6",
                "sha256:ba9527cdd4c926ed0760bc301f6728ef34d841f405abf9d4f959c478421e4efd",
                "sha256:bbcb445fa71794da8f178f0f6d66789a28d7319071af7a496d4d507ed566270d",
                "sha256:bcf3e58998965654fdaff38e58584d8937aa3096ab5354d493c77d1fdd66d7a1",
                "sha256:c0ef13eaeee5b615fb07c9a7dadb38eac06a0608b41570d8ade51c56539e509d",
                "sha256:cabc348d87e913db6ab4aa100f01b08f481097838bdddf7c7a84b7575b7309ca",
                "sha256:cdb82a876c47801bb54a690c5ae105a46b392ac6099881cdfb9f6e95e4014c6a",
                "sha256:cfad01eed2c2e0c01fd0ecd2ef42c492f7f93902e39a42fc9ee1692961443a29",
                "sha256:d16a81a06776313e817c951135cf7340a3e91e8c1ff2fac444cfd75fffa04afe",
                "sha256:d8213e09c917a951de9d09ecee036d5c7d36cb6cb7dbaece4c71a60d79fb9798",
                "sha256:e07c3764494e3776c602c1e78e298937c3315ccc9043ead7e685b7f2b8d47b3c",
                "sha256:e17c96c14e19278594aa4841ec148115f9c7615a47382ecb6b82bd8fea3ab0c8",
                "sha256:e444a31f8db13eb18ada366ab3cf45fd4b31e4db1236a4448f68778c1d1a5a2f",
                "sha256:e6a2a455bd412959b57a172ce6328d2dd1f01cb2135efda2e4576e8a23fa3b0f",
                "sha256:eaa0a10b7f72326f1372a713e73c3f739b524b3af41feb43e4921cb529f5929a",
                "sha256:eb7972a85c54febfb25b5c4b4f3af4dcc731994c7da0d8a0b4a6eb0640e1d178",
                "sha256:ee55d3edf80167e48ea11a923c7386f4669df67d7994554387f84e7d8b0a2bf0",
                "sha256:f3818cb119498c0678015754eba762e0d61e5b52d34c8b13d770f0719f7b1d79",
                "sha256:f8b3d067f2e40fe93e1ccdd6b2e1d16c43140e76f02fb1319a05cf2b79d99430",
                "sha256:fcabf5ff6eea076f859677f5f0b6b5c1a51e70a376b0579e0eadef8db48c6b50"
            ],
            "markers": "python_version >= '3.9'",
            "version": "==3.0.2"
        },
        "paramiko": {
            "hashes": [
                "sha256:1fedf06b085359051cd7d0d270cebe19e755a8a921cc2ddbfa647fb0cd7d68f9",
                "sha256:ad11e540da4f55cedda52931f1a3f812a8238a7af7f62a60de538cd80bb28124"
            ],
            "index": "pypi",
            "markers": "python_version >= '3.6'",
            "version": "==3.5.0"
        },
        "pycparser": {
            "hashes": [
                "sha256:491c8be9c040f5390f5bf44a5b07752bd07f56edf992381b05c701439eec10f6",
                "sha256:c3702b6d3dd8c7abc1afa565d7e63d53a1d0bd86cdc24edd75470f4de499cfcc"
            ],
            "markers": "python_version >= '3.8'",
            "version": "==2.22"
        },
        "pynacl": {
            "hashes": [
                "sha256:06b8f6fa7f5de8d5d2f7573fe8c863c051225a27b61e6860fd047b1775807858",
                "sha256:0c84947a22519e013607c9be43706dd42513f9e6ae5d39d3613ca1e142fba44d",
                "sha256:20f42270d27e1b6a29f54032090b972d97f0a1b0948cc52392041ef7831fee93",
                "sha256:401002a4aaa07c9414132aaed7f6836ff98f59277a234704ff66878c2ee4a0d1",
                "sha256:52cb72a79269189d4e0dc537556f4740f7f0a9ec41c1322598799b0bdad4ef92",
                "sha256:61f642bf2378713e2c2e1de73444a3778e5f0a38be6fee0fe532fe30060282ff",
                "sha256:8ac7448f09ab85811607bdd21ec2464495ac8b7c66d146bf545b0f08fb9220ba",
                "sha256:a36d4a9dda1f19ce6e03c9a784a2921a4b726b02e1c736600ca9c22029474394",
                "sha256:a422368fc821589c228f4c49438a368831cb5bbc0eab5ebe1d7fac9dded6567b",
                "sha256:e46dae94e34b085175f8abb3b0aaa7da40767865ac82c928eeb9e57e1ea8a543"
            ],
            "markers": "python_version >= '3.6'",
            "version": "==1.5.0"
        },
        "python-dotenv": {
            "hashes": [
                "sha256:e324ee90a023d808f1959c46bcbc04446a10ced277783dc6ee09987c37ec10ca",
                "sha256:f7b63ef50f1b690dddf550d03497b66d609393b40b564ed0d674909a68ebf16a"
            ],
            "index": "pypi",
            "markers": "python_version >= '3.8'",
            "version": "==1.0.1"
        },
        "six": {
            "hashes": [
                "sha256:4721f391ed90541fddacab5acf947aa0d3dc7d27b2e1e8eda2be8970586c3274",
                "sha256:ff70335d468e7eb6ec65b95b99d3a2836546063f63acc5171de367e834932a81"
            ],
            "markers": "python_version >= '2.7' and python_version not in '3.0, 3.1, 3.2'",
            "version": "==1.17.0"
        },
        "werkzeug": {
            "hashes": [
                "sha256:54b78bf3716d19a65be4fceccc0d1d7b89e608834989dfae50ea87564639213e",
                "sha256:60723ce945c19328679790e3282cc758aa4a6040e4bb330f53d30fa546d44746"
            ],
            "markers": "python_version >= '3.9'",
            "version": "==3.1.3"
        }
    },
    "develop": {
        "bandit": {
            "hashes": [
                "sha256:b1a61d829c0968aed625381e426aa378904b996529d048f8d908fa28f6b13e38",
                "sha256:b5bfe55a095abd9fe20099178a7c6c060f844bfd4fe4c76d28e35e4c52b9d31e"
            ],
            "index": "pypi",
            "markers": "python_version >= '3.9'",
            "version": "==1.8.0"
        },
        "f90nml": {
            "hashes": [
                "sha256:58d91eb0f9a424a48fe5df868cbb33c86800f1026d6e7f3c0f663c930dddc644",
                "sha256:65e8e135779895245238cbf6be5b1b80d6c2b8c9350c9cdce6183a31bdfd7622"
            ],
            "index": "pypi",
            "version": "==1.4.4"
        },
        "iniconfig": {
            "hashes": [
                "sha256:2d91e135bf72d31a410b17c16da610a82cb55f6b0477d1a902134b24a455b8b3",
                "sha256:b6a85871a79d2e3b22d2d1b94ac2824226a63c6b741c88f7ae975f18b6778374"
            ],
            "markers": "python_version >= '3.7'",
            "version": "==2.0.0"
        },
        "markdown-it-py": {
            "hashes": [
                "sha256:355216845c60bd96232cd8d8c40e8f9765cc86f46880e43a8fd22dc1a1a8cab1",
                "sha256:e3f60a94fa066dc52ec76661e37c851cb232d92f9886b15cb560aaada2df8feb"
            ],
            "markers": "python_version >= '3.8'",
            "version": "==3.0.0"
        },
        "mdurl": {
            "hashes": [
                "sha256:84008a41e51615a49fc9966191ff91509e3c40b939176e643fd50a5c2196b8f8",
                "sha256:bb413d29f5eea38f31dd4754dd7377d4465116fb207585f97bf925588687c1ba"
            ],
            "markers": "python_version >= '3.7'",
            "version": "==0.1.2"
        },
        "packaging": {
            "hashes": [
                "sha256:09abb1bccd265c01f4a3aa3f7a7db064b36514d2cba19a2f694fe6150451a759",
                "sha256:c228a6dc5e932d346bc5739379109d49e8853dd8223571c7c5b55260edc0b97f"
            ],
            "markers": "python_version >= '3.8'",
            "version": "==24.2"
        },
        "pbr": {
            "hashes": [
                "sha256:788183e382e3d1d7707db08978239965e8b9e4e5ed42669bf4758186734d5f24",
                "sha256:a776ae228892d8013649c0aeccbb3d5f99ee15e005a4cbb7e61d55a067b28a2a"
            ],
            "markers": "python_version >= '2.6'",
            "version": "==6.1.0"
        },
        "pluggy": {
            "hashes": [
                "sha256:2cffa88e94fdc978c4c574f15f9e59b7f4201d439195c3715ca9e2486f1d0cf1",
                "sha256:44e1ad92c8ca002de6377e165f3e0f1be63266ab4d554740532335b9d75ea669"
            ],
            "markers": "python_version >= '3.8'",
            "version": "==1.5.0"
        },
        "pygments": {
            "hashes": [
                "sha256:786ff802f32e91311bff3889f6e9a86e81505fe99f2735bb6d60ae0c5004f199",
                "sha256:b8e6aca0523f3ab76fee51799c488e38782ac06eafcf95e7ba832985c8e7b13a"
            ],
            "markers": "python_version >= '3.8'",
            "version": "==2.18.0"
        },
        "pytest": {
            "hashes": [
                "sha256:50e16d954148559c9a74109af1eaf0c945ba2d8f30f0a3d3335edde19788b6f6",
                "sha256:965370d062bce11e73868e0335abac31b4d3de0e82f4007408d242b4f8610761"
            ],
            "index": "pypi",
            "markers": "python_version >= '3.8'",
            "version": "==8.3.4"
        },
        "pyyaml": {
            "hashes": [
                "sha256:01179a4a8559ab5de078078f37e5c1a30d76bb88519906844fd7bdea1b7729ff",
                "sha256:0833f8694549e586547b576dcfaba4a6b55b9e96098b36cdc7ebefe667dfed48",
                "sha256:0a9a2848a5b7feac301353437eb7d5957887edbf81d56e903999a75a3d743086",
                "sha256:0b69e4ce7a131fe56b7e4d770c67429700908fc0752af059838b1cfb41960e4e",
                "sha256:0ffe8360bab4910ef1b9e87fb812d8bc0a308b0d0eef8c8f44e0254ab3b07133",
                "sha256:11d8f3dd2b9c1207dcaf2ee0bbbfd5991f571186ec9cc78427ba5bd32afae4b5",
                "sha256:17e311b6c678207928d649faa7cb0d7b4c26a0ba73d41e99c4fff6b6c3276484",
                "sha256:1e2120ef853f59c7419231f3bf4e7021f1b936f6ebd222406c3b60212205d2ee",
                "sha256:1f71ea527786de97d1a0cc0eacd1defc0985dcf6b3f17bb77dcfc8c34bec4dc5",
                "sha256:23502f431948090f597378482b4812b0caae32c22213aecf3b55325e049a6c68",
                "sha256:24471b829b3bf607e04e88d79542a9d48bb037c2267d7927a874e6c205ca7e9a",
                "sha256:29717114e51c84ddfba879543fb232a6ed60086602313ca38cce623c1d62cfbf",
                "sha256:2e99c6826ffa974fe6e27cdb5ed0021786b03fc98e5ee3c5bfe1fd5015f42b99",
                "sha256:39693e1f8320ae4f43943590b49779ffb98acb81f788220ea932a6b6c51004d8",
                "sha256:3ad2a3decf9aaba3d29c8f537ac4b243e36bef957511b4766cb0057d32b0be85",
                "sha256:3b1fdb9dc17f5a7677423d508ab4f243a726dea51fa5e70992e59a7411c89d19",
                "sha256:41e4e3953a79407c794916fa277a82531dd93aad34e29c2a514c2c0c5fe971cc",
                "sha256:43fa96a3ca0d6b1812e01ced1044a003533c47f6ee8aca31724f78e93ccc089a",
                "sha256:50187695423ffe49e2deacb8cd10510bc361faac997de9efef88badc3bb9e2d1",
                "sha256:5ac9328ec4831237bec75defaf839f7d4564be1e6b25ac710bd1a96321cc8317",
                "sha256:5d225db5a45f21e78dd9358e58a98702a0302f2659a3c6cd320564b75b86f47c",
                "sha256:6395c297d42274772abc367baaa79683958044e5d3835486c16da75d2a694631",
                "sha256:688ba32a1cffef67fd2e9398a2efebaea461578b0923624778664cc1c914db5d",
                "sha256:68ccc6023a3400877818152ad9a1033e3db8625d899c72eacb5a668902e4d652",
                "sha256:70b189594dbe54f75ab3a1acec5f1e3faa7e8cf2f1e08d9b561cb41b845f69d5",
                "sha256:797b4f722ffa07cc8d62053e4cff1486fa6dc094105d13fea7b1de7d8bf71c9e",
                "sha256:7c36280e6fb8385e520936c3cb3b8042851904eba0e58d277dca80a5cfed590b",
                "sha256:7e7401d0de89a9a855c839bc697c079a4af81cf878373abd7dc625847d25cbd8",
                "sha256:80bab7bfc629882493af4aa31a4cfa43a4c57c83813253626916b8c7ada83476",
                "sha256:82d09873e40955485746739bcb8b4586983670466c23382c19cffecbf1fd8706",
                "sha256:8388ee1976c416731879ac16da0aff3f63b286ffdd57cdeb95f3f2e085687563",
                "sha256:8824b5a04a04a047e72eea5cec3bc266db09e35de6bdfe34c9436ac5ee27d237",
                "sha256:8b9c7197f7cb2738065c481a0461e50ad02f18c78cd75775628afb4d7137fb3b",
                "sha256:9056c1ecd25795207ad294bcf39f2db3d845767be0ea6e6a34d856f006006083",
                "sha256:936d68689298c36b53b29f23c6dbb74de12b4ac12ca6cfe0e047bedceea56180",
                "sha256:9b22676e8097e9e22e36d6b7bda33190d0d400f345f23d4065d48f4ca7ae0425",
                "sha256:a4d3091415f010369ae4ed1fc6b79def9416358877534caf6a0fdd2146c87a3e",
                "sha256:a8786accb172bd8afb8be14490a16625cbc387036876ab6ba70912730faf8e1f",
                "sha256:a9f8c2e67970f13b16084e04f134610fd1d374bf477b17ec1599185cf611d725",
                "sha256:bc2fa7c6b47d6bc618dd7fb02ef6fdedb1090ec036abab80d4681424b84c1183",
                "sha256:c70c95198c015b85feafc136515252a261a84561b7b1d51e3384e0655ddf25ab",
                "sha256:cc1c1159b3d456576af7a3e4d1ba7e6924cb39de8f67111c735f6fc832082774",
                "sha256:ce826d6ef20b1bc864f0a68340c8b3287705cae2f8b4b1d932177dcc76721725",
                "sha256:d584d9ec91ad65861cc08d42e834324ef890a082e591037abe114850ff7bbc3e",
                "sha256:d7fded462629cfa4b685c5416b949ebad6cec74af5e2d42905d41e257e0869f5",
                "sha256:d84a1718ee396f54f3a086ea0a66d8e552b2ab2017ef8b420e92edbc841c352d",
                "sha256:d8e03406cac8513435335dbab54c0d385e4a49e4945d2909a581c83647ca0290",
                "sha256:e10ce637b18caea04431ce14fabcf5c64a1c61ec9c56b071a4b7ca131ca52d44",
                "sha256:ec031d5d2feb36d1d1a24380e4db6d43695f3748343d99434e6f5f9156aaa2ed",
                "sha256:ef6107725bd54b262d6dedcc2af448a266975032bc85ef0172c5f059da6325b4",
                "sha256:efdca5630322a10774e8e98e1af481aad470dd62c3170801852d752aa7a783ba",
                "sha256:f753120cb8181e736c57ef7636e83f31b9c0d1722c516f7e86cf15b7aa57ff12",
                "sha256:ff3824dc5261f50c9b0dfb3be22b4567a6f938ccce4587b38952d85fd9e9afe4"
            ],
            "markers": "python_version >= '3.8'",
            "version": "==6.0.2"
        },
        "rich": {
            "hashes": [
                "sha256:439594978a49a09530cff7ebc4b5c7103ef57baf48d5ea3184f21d9a2befa098",
                "sha256:6049d5e6ec054bf2779ab3358186963bac2ea89175919d699e378b99738c2a90"
            ],
            "markers": "python_full_version >= '3.8.0'",
            "version": "==13.9.4"
        },
        "ruff": {
            "hashes": [
                "sha256:01b14b2f72a37390c1b13477c1c02d53184f728be2f3ffc3ace5b44e9e87b90d",
                "sha256:19048f2f878f3ee4583fc6cb23fb636e48c2635e30fb2022b3a1cd293402f964",
                "sha256:1ae441ce4cf925b7f363d33cd6570c51435972d697e3e58928973994e56e1452",
                "sha256:53babd6e63e31f4e96ec95ea0d962298f9f0d9cc5990a1bbb023a6baf2503a82",
                "sha256:5be450bb18f23f0edc5a4e5585c17a56ba88920d598f04a06bd9fd76d324cb20",
                "sha256:5e7558304353b84279042fc584a4f4cb8a07ae79b2bf3da1a7551d960b5626d3",
                "sha256:6567be9fb62fbd7a099209257fef4ad2c3153b60579818b31a23c886ed4147ea",
                "sha256:75fb782f4db39501210ac093c79c3de581d306624575eddd7e4e13747e61ba18",
                "sha256:7f26bc76a133ecb09a38b7868737eded6941b70a6d34ef53a4027e83913b6502",
                "sha256:8d5d273ffffff0acd3db5bf626d4b131aa5a5ada1276126231c4174543ce20d6",
                "sha256:8faeae3827eaa77f5721f09b9472a18c749139c891dbc17f45e72d8f2ca1f8fc",
                "sha256:9c0a60a825e3e177116c84009d5ebaa90cf40dfab56e1358d1df4e29a9a14b13",
                "sha256:c356e770811858bd20832af696ff6c7e884701115094f427b64b25093d6d932d",
                "sha256:d7c65bc0cadce32255e93c57d57ecc2cca23149edd52714c0c5d6fa11ec328cd",
                "sha256:db503486e1cf074b9808403991663e4277f5c664d3fe237ee0d994d1305bb060",
                "sha256:e4d66a21de39f15c9757d00c50c8cdd20ac84f55684ca56def7891a025d7e939",
                "sha256:f7df94f57d7418fa7c3ffb650757e0c2b96cf2501a0b192c18e4fb5571dfada9",
                "sha256:fe2756edf68ea79707c8d68b78ca9a58ed9af22e430430491ee03e718b5e4936"
            ],
            "index": "pypi",
            "markers": "python_version >= '3.7'",
            "version": "==0.8.3"
        },
        "stevedore": {
            "hashes": [
                "sha256:79e92235ecb828fe952b6b8b0c6c87863248631922c8e8e0fa5b17b232c4514d",
                "sha256:b0be3c4748b3ea7b854b265dcb4caa891015e442416422be16f8b31756107857"
            ],
            "markers": "python_version >= '3.9'",
            "version": "==5.4.0"
        }
    }
}
